
Microsoft Visual Studio Solution File, Format Version 12.00
# Visual Studio Version 16
VisualStudioVersion = 16.0.32602.291
MinimumVisualStudioVersion = 10.0.40219.1
Project("{FAE04EC0-301F-11D3-BF4B-00C04F79EFBC}") = "ConsoleApp1", "ConsoleApp1\ConsoleApp1.csproj", "{09360A1B-DB29-425E-9E3A-36AD5C71C398}"
EndProject
Global
	GlobalSection(SolutionConfigurationPlatforms) = preSolution
		Debug|Any CPU = Debug|Any CPU
		Release|Any CPU = Release|Any CPU
	EndGlobalSection
	GlobalSection(ProjectConfigurationPlatforms) = postSolution
		{09360A1B-DB29-425E-9E3A-36AD5C71C398}.Debug|Any CPU.ActiveCfg = Debug|Any CPU
		{09360A1B-DB29-425E-9E3A-36AD5C71C398}.Debug|Any CPU.Build.0 = Debug|Any CPU
		{09360A1B-DB29-425E-9E3A-36AD5C71C398}.Release|Any CPU.ActiveCfg = Release|Any CPU
		{09360A1B-DB29-425E-9E3A-36AD5C71C398}.Release|Any CPU.Build.0 = Release|Any CPU
	EndGlobalSection
	GlobalSection(SolutionProperties) = preSolution
		HideSolutionNode = FALSE
	EndGlobalSection
	GlobalSection(ExtensibilityGlobals) = postSolution
		SolutionGuid = {3FED7F8A-3B8B-42C3-B6D1-F25937C9BAAA}
	EndGlobalSection
EndGlobal
